// !$*UTF8*$!
{
	archiveVersion = 1;
	classes = {
	};
	objectVersion = 50;
	objects = {

/* Begin PBXBuildFile section */
		A83A8660217F0D48003544F4 /* AppDelegate.swift in Sources */ = {isa = PBXBuildFile; fileRef = A83A865F217F0D48003544F4 /* AppDelegate.swift */; };
		A83A8662217F0D48003544F4 /* ViewController.swift in Sources */ = {isa = PBXBuildFile; fileRef = A83A8661217F0D48003544F4 /* ViewController.swift */; };
		A83A8665217F0D48003544F4 /* Main.storyboard in Resources */ = {isa = PBXBuildFile; fileRef = A83A8663217F0D48003544F4 /* Main.storyboard */; };
		A83A8667217F0D4A003544F4 /* Assets.xcassets in Resources */ = {isa = PBXBuildFile; fileRef = A83A8666217F0D4A003544F4 /* Assets.xcassets */; };
		A83A866A217F0D4A003544F4 /* LaunchScreen.storyboard in Resources */ = {isa = PBXBuildFile; fileRef = A83A8668217F0D4A003544F4 /* LaunchScreen.storyboard */; };
		A83A8675217F0D4A003544F4 /* Swifty_ProteinsTests.swift in Sources */ = {isa = PBXBuildFile; fileRef = A83A8674217F0D4A003544F4 /* Swifty_ProteinsTests.swift */; };
		A83A8680217F0D4A003544F4 /* Swifty_ProteinsUITests.swift in Sources */ = {isa = PBXBuildFile; fileRef = A83A867F217F0D4A003544F4 /* Swifty_ProteinsUITests.swift */; };
/* End PBXBuildFile section */

/* Begin PBXContainerItemProxy section */
		A83A8671217F0D4A003544F4 /* PBXContainerItemProxy */ = {
			isa = PBXContainerItemProxy;
			containerPortal = A83A8654217F0D48003544F4 /* Project object */;
			proxyType = 1;
			remoteGlobalIDString = A83A865B217F0D48003544F4;
			remoteInfo = "Swifty Proteins";
		};
		A83A867C217F0D4A003544F4 /* PBXContainerItemProxy */ = {
			isa = PBXContainerItemProxy;
			containerPortal = A83A8654217F0D48003544F4 /* Project object */;
			proxyType = 1;
			remoteGlobalIDString = A83A865B217F0D48003544F4;
			remoteInfo = "Swifty Proteins";
		};
/* End PBXContainerItemProxy section */

/* Begin PBXFileReference section */
		A83A865C217F0D48003544F4 /* Swifty Proteins.app */ = {isa = PBXFileReference; explicitFileType = wrapper.application; includeInIndex = 0; path = "Swifty Proteins.app"; sourceTree = BUILT_PRODUCTS_DIR; };
		A83A865F217F0D48003544F4 /* AppDelegate.swift */ = {isa = PBXFileReference; lastKnownFileType = sourcecode.swift; path = AppDelegate.swift; sourceTree = "<group>"; };
		A83A8661217F0D48003544F4 /* ViewController.swift */ = {isa = PBXFileReference; lastKnownFileType = sourcecode.swift; path = ViewController.swift; sourceTree = "<group>"; };
		A83A8664217F0D48003544F4 /* Base */ = {isa = PBXFileReference; lastKnownFileType = file.storyboard; name = Base; path = Base.lproj/Main.storyboard; sourceTree = "<group>"; };
		A83A8666217F0D4A003544F4 /* Assets.xcassets */ = {isa = PBXFileReference; lastKnownFileType = folder.assetcatalog; path = Assets.xcassets; sourceTree = "<group>"; };
		A83A8669217F0D4A003544F4 /* Base */ = {isa = PBXFileReference; lastKnownFileType = file.storyboard; name = Base; path = Base.lproj/LaunchScreen.storyboard; sourceTree = "<group>"; };
		A83A866B217F0D4A003544F4 /* Info.plist */ = {isa = PBXFileReference; lastKnownFileType = text.plist.xml; path = Info.plist; sourceTree = "<group>"; };
		A83A8670217F0D4A003544F4 /* Swifty ProteinsTests.xctest */ = {isa = PBXFileReference; explicitFileType = wrapper.cfbundle; includeInIndex = 0; path = "Swifty ProteinsTests.xctest"; sourceTree = BUILT_PRODUCTS_DIR; };
		A83A8674217F0D4A003544F4 /* Swifty_ProteinsTests.swift */ = {isa = PBXFileReference; lastKnownFileType = sourcecode.swift; path = Swifty_ProteinsTests.swift; sourceTree = "<group>"; };
		A83A8676217F0D4A003544F4 /* Info.plist */ = {isa = PBXFileReference; lastKnownFileType = text.plist.xml; path = Info.plist; sourceTree = "<group>"; };
		A83A867B217F0D4A003544F4 /* Swifty ProteinsUITests.xctest */ = {isa = PBXFileReference; explicitFileType = wrapper.cfbundle; includeInIndex = 0; path = "Swifty ProteinsUITests.xctest"; sourceTree = BUILT_PRODUCTS_DIR; };
		A83A867F217F0D4A003544F4 /* Swifty_ProteinsUITests.swift */ = {isa = PBXFileReference; lastKnownFileType = sourcecode.swift; path = Swifty_ProteinsUITests.swift; sourceTree = "<group>"; };
		A83A8681217F0D4A003544F4 /* Info.plist */ = {isa = PBXFileReference; lastKnownFileType = text.plist.xml; path = Info.plist; sourceTree = "<group>"; };
/* End PBXFileReference section */

/* Begin PBXFrameworksBuildPhase section */
		A83A8659217F0D48003544F4 /* Frameworks */ = {
			isa = PBXFrameworksBuildPhase;
			buildActionMask = 2147483647;
			files = (
			);
			runOnlyForDeploymentPostprocessing = 0;
		};
		A83A866D217F0D4A003544F4 /* Frameworks */ = {
			isa = PBXFrameworksBuildPhase;
			buildActionMask = 2147483647;
			files = (
			);
			runOnlyForDeploymentPostprocessing = 0;
		};
		A83A8678217F0D4A003544F4 /* Frameworks */ = {
			isa = PBXFrameworksBuildPhase;
			buildActionMask = 2147483647;
			files = (
			);
			runOnlyForDeploymentPostprocessing = 0;
		};
/* End PBXFrameworksBuildPhase section */

/* Begin PBXGroup section */
		A83A8653217F0D48003544F4 = {
			isa = PBXGroup;
			children = (
				A83A865E217F0D48003544F4 /* Swifty Proteins */,
				A83A8673217F0D4A003544F4 /* Swifty ProteinsTests */,
				A83A867E217F0D4A003544F4 /* Swifty ProteinsUITests */,
				A83A865D217F0D48003544F4 /* Products */,
			);
			sourceTree = "<group>";
		};
		A83A865D217F0D48003544F4 /* Products */ = {
			isa = PBXGroup;
			children = (
				A83A865C217F0D48003544F4 /* Swifty Proteins.app */,
				A83A8670217F0D4A003544F4 /* Swifty ProteinsTests.xctest */,
				A83A867B217F0D4A003544F4 /* Swifty ProteinsUITests.xctest */,
			);
			name = Products;
			sourceTree = "<group>";
		};
		A83A865E217F0D48003544F4 /* Swifty Proteins */ = {
			isa = PBXGroup;
			children = (
				A83A865F217F0D48003544F4 /* AppDelegate.swift */,
				A83A8661217F0D48003544F4 /* ViewController.swift */,
				A83A8663217F0D48003544F4 /* Main.storyboard */,
				A83A8666217F0D4A003544F4 /* Assets.xcassets */,
				A83A8668217F0D4A003544F4 /* LaunchScreen.storyboard */,
				A83A866B217F0D4A003544F4 /* Info.plist */,
			);
			path = "Swifty Proteins";
			sourceTree = "<group>";
		};
		A83A8673217F0D4A003544F4 /* Swifty ProteinsTests */ = {
			isa = PBXGroup;
			children = (
				A83A8674217F0D4A003544F4 /* Swifty_ProteinsTests.swift */,
				A83A8676217F0D4A003544F4 /* Info.plist */,
			);
			path = "Swifty ProteinsTests";
			sourceTree = "<group>";
		};
		A83A867E217F0D4A003544F4 /* Swifty ProteinsUITests */ = {
			isa = PBXGroup;
			children = (
				A83A867F217F0D4A003544F4 /* Swifty_ProteinsUITests.swift */,
				A83A8681217F0D4A003544F4 /* Info.plist */,
			);
			path = "Swifty ProteinsUITests";
			sourceTree = "<group>";
		};
/* End PBXGroup section */

/* Begin PBXNativeTarget section */
		A83A865B217F0D48003544F4 /* Swifty Proteins */ = {
			isa = PBXNativeTarget;
			buildConfigurationList = A83A8684217F0D4A003544F4 /* Build configuration list for PBXNativeTarget "Swifty Proteins" */;
			buildPhases = (
				A83A8658217F0D48003544F4 /* Sources */,
				A83A8659217F0D48003544F4 /* Frameworks */,
				A83A865A217F0D48003544F4 /* Resources */,
			);
			buildRules = (
			);
			dependencies = (
			);
			name = "Swifty Proteins";
			productName = "Swifty Proteins";
			productReference = A83A865C217F0D48003544F4 /* Swifty Proteins.app */;
			productType = "com.apple.product-type.application";
		};
		A83A866F217F0D4A003544F4 /* Swifty ProteinsTests */ = {
			isa = PBXNativeTarget;
			buildConfigurationList = A83A8687217F0D4A003544F4 /* Build configuration list for PBXNativeTarget "Swifty ProteinsTests" */;
			buildPhases = (
				A83A866C217F0D4A003544F4 /* Sources */,
				A83A866D217F0D4A003544F4 /* Frameworks */,
				A83A866E217F0D4A003544F4 /* Resources */,
			);
			buildRules = (
			);
			dependencies = (
				A83A8672217F0D4A003544F4 /* PBXTargetDependency */,
			);
			name = "Swifty ProteinsTests";
			productName = "Swifty ProteinsTests";
			productReference = A83A8670217F0D4A003544F4 /* Swifty ProteinsTests.xctest */;
			productType = "com.apple.product-type.bundle.unit-test";
		};
		A83A867A217F0D4A003544F4 /* Swifty ProteinsUITests */ = {
			isa = PBXNativeTarget;
			buildConfigurationList = A83A868A217F0D4A003544F4 /* Build configuration list for PBXNativeTarget "Swifty ProteinsUITests" */;
			buildPhases = (
				A83A8677217F0D4A003544F4 /* Sources */,
				A83A8678217F0D4A003544F4 /* Frameworks */,
				A83A8679217F0D4A003544F4 /* Resources */,
			);
			buildRules = (
			);
			dependencies = (
				A83A867D217F0D4A003544F4 /* PBXTargetDependency */,
			);
			name = "Swifty ProteinsUITests";
			productName = "Swifty ProteinsUITests";
			productReference = A83A867B217F0D4A003544F4 /* Swifty ProteinsUITests.xctest */;
			productType = "com.apple.product-type.bundle.ui-testing";
		};
/* End PBXNativeTarget section */

/* Begin PBXProject section */
		A83A8654217F0D48003544F4 /* Project object */ = {
			isa = PBXProject;
			attributes = {
				LastSwiftUpdateCheck = 0940;
				LastUpgradeCheck = 0940;
				ORGANIZATIONNAME = "Phumudzo NEVHUTALA";
				TargetAttributes = {
					A83A865B217F0D48003544F4 = {
						CreatedOnToolsVersion = 9.4.1;
					};
					A83A866F217F0D4A003544F4 = {
						CreatedOnToolsVersion = 9.4.1;
						TestTargetID = A83A865B217F0D48003544F4;
					};
					A83A867A217F0D4A003544F4 = {
						CreatedOnToolsVersion = 9.4.1;
						TestTargetID = A83A865B217F0D48003544F4;
					};
				};
			};
			buildConfigurationList = A83A8657217F0D48003544F4 /* Build configuration list for PBXProject "Swifty Proteins" */;
			compatibilityVersion = "Xcode 9.3";
			developmentRegion = en;
			hasScannedForEncodings = 0;
			knownRegions = (
				en,
				Base,
			);
			mainGroup = A83A8653217F0D48003544F4;
			productRefGroup = A83A865D217F0D48003544F4 /* Products */;
			projectDirPath = "";
			projectRoot = "";
			targets = (
				A83A865B217F0D48003544F4 /* Swifty Proteins */,
				A83A866F217F0D4A003544F4 /* Swifty ProteinsTests */,
				A83A867A217F0D4A003544F4 /* Swifty ProteinsUITests */,
			);
		};
/* End PBXProject section */

/* Begin PBXResourcesBuildPhase section */
		A83A865A217F0D48003544F4 /* Resources */ = {
			isa = PBXResourcesBuildPhase;
			buildActionMask = 2147483647;
			files = (
				A83A866A217F0D4A003544F4 /* LaunchScreen.storyboard in Resources */,
				A83A8667217F0D4A003544F4 /* Assets.xcassets in Resources */,
				A83A8665217F0D48003544F4 /* Main.storyboard in Resources */,
			);
			runOnlyForDeploymentPostprocessing = 0;
		};
		A83A866E217F0D4A003544F4 /* Resources */ = {
			isa = PBXResourcesBuildPhase;
			buildActionMask = 2147483647;
			files = (
			);
			runOnlyForDeploymentPostprocessing = 0;
		};
		A83A8679217F0D4A003544F4 /* Resources */ = {
			isa = PBXResourcesBuildPhase;
			buildActionMask = 2147483647;
			files = (
			);
			runOnlyForDeploymentPostprocessing = 0;
		};
/* End PBXResourcesBuildPhase section */

/* Begin PBXSourcesBuildPhase section */
		A83A8658217F0D48003544F4 /* Sources */ = {
			isa = PBXSourcesBuildPhase;
			buildActionMask = 2147483647;
			files = (
				A83A8662217F0D48003544F4 /* ViewController.swift in Sources */,
				A83A8660217F0D48003544F4 /* AppDelegate.swift in Sources */,
			);
			runOnlyForDeploymentPostprocessing = 0;
		};
		A83A866C217F0D4A003544F4 /* Sources */ = {
			isa = PBXSourcesBuildPhase;
			buildActionMask = 2147483647;
			files = (
				A83A8675217F0D4A003544F4 /* Swifty_ProteinsTests.swift in Sources */,
			);
			runOnlyForDeploymentPostprocessing = 0;
		};
		A83A8677217F0D4A003544F4 /* Sources */ = {
			isa = PBXSourcesBuildPhase;
			buildActionMask = 2147483647;
			files = (
				A83A8680217F0D4A003544F4 /* Swifty_ProteinsUITests.swift in Sources */,
			);
			runOnlyForDeploymentPostprocessing = 0;
		};
/* End PBXSourcesBuildPhase section */

/* Begin PBXTargetDependency section */
		A83A8672217F0D4A003544F4 /* PBXTargetDependency */ = {
			isa = PBXTargetDependency;
			target = A83A865B217F0D48003544F4 /* Swifty Proteins */;
			targetProxy = A83A8671217F0D4A003544F4 /* PBXContainerItemProxy */;
		};
		A83A867D217F0D4A003544F4 /* PBXTargetDependency */ = {
			isa = PBXTargetDependency;
			target = A83A865B217F0D48003544F4 /* Swifty Proteins */;
			targetProxy = A83A867C217F0D4A003544F4 /* PBXContainerItemProxy */;
		};
/* End PBXTargetDependency section */

/* Begin PBXVariantGroup section */
		A83A8663217F0D48003544F4 /* Main.storyboard */ = {
			isa = PBXVariantGroup;
			children = (
				A83A8664217F0D48003544F4 /* Base */,
			);
			name = Main.storyboard;
			sourceTree = "<group>";
		};
		A83A8668217F0D4A003544F4 /* LaunchScreen.storyboard */ = {
			isa = PBXVariantGroup;
			children = (
				A83A8669217F0D4A003544F4 /* Base */,
			);
			name = LaunchScreen.storyboard;
			sourceTree = "<group>";
		};
/* End PBXVariantGroup section */

/* Begin XCBuildConfiguration section */
		A83A8682217F0D4A003544F4 /* Debug */ = {
			isa = XCBuildConfiguration;
			buildSettings = {
				ALWAYS_SEARCH_USER_PATHS = NO;
				CLANG_ANALYZER_NONNULL = YES;
				CLANG_ANALYZER_NUMBER_OBJECT_CONVERSION = YES_AGGRESSIVE;
				CLANG_CXX_LANGUAGE_STANDARD = "gnu++14";
				CLANG_CXX_LIBRARY = "libc++";
				CLANG_ENABLE_MODULES = YES;
				CLANG_ENABLE_OBJC_ARC = YES;
				CLANG_ENABLE_OBJC_WEAK = YES;
				CLANG_WARN_BLOCK_CAPTURE_AUTORELEASING = YES;
				CLANG_WARN_BOOL_CONVERSION = YES;
				CLANG_WARN_COMMA = YES;
				CLANG_WARN_CONSTANT_CONVERSION = YES;
				CLANG_WARN_DEPRECATED_OBJC_IMPLEMENTATIONS = YES;
				CLANG_WARN_DIRECT_OBJC_ISA_USAGE = YES_ERROR;
				CLANG_WARN_DOCUMENTATION_COMMENTS = YES;
				CLANG_WARN_EMPTY_BODY = YES;
				CLANG_WARN_ENUM_CONVERSION = YES;
				CLANG_WARN_INFINITE_RECURSION = YES;
				CLANG_WARN_INT_CONVERSION = YES;
				CLANG_WARN_NON_LITERAL_NULL_CONVERSION = YES;
				CLANG_WARN_OBJC_IMPLICIT_RETAIN_SELF = YES;
				CLANG_WARN_OBJC_LITERAL_CONVERSION = YES;
				CLANG_WARN_OBJC_ROOT_CLASS = YES_ERROR;
				CLANG_WARN_RANGE_LOOP_ANALYSIS = YES;
				CLANG_WARN_STRICT_PROTOTYPES = YES;
				CLANG_WARN_SUSPICIOUS_MOVE = YES;
				CLANG_WARN_UNGUARDED_AVAILABILITY = YES_AGGRESSIVE;
				CLANG_WARN_UNREACHABLE_CODE = YES;
				CLANG_WARN__DUPLICATE_METHOD_MATCH = YES;
				CODE_SIGN_IDENTITY = "iPhone Developer";
				COPY_PHASE_STRIP = NO;
				DEBUG_INFORMATION_FORMAT = dwarf;
				ENABLE_STRICT_OBJC_MSGSEND = YES;
				ENABLE_TESTABILITY = YES;
				GCC_C_LANGUAGE_STANDARD = gnu11;
				GCC_DYNAMIC_NO_PIC = NO;
				GCC_NO_COMMON_BLOCKS = YES;
				GCC_OPTIMIZATION_LEVEL = 0;
				GCC_PREPROCESSOR_DEFINITIONS = (
					"DEBUG=1",
					"$(inherited)",
				);
				GCC_WARN_64_TO_32_BIT_CONVERSION = YES;
				GCC_WARN_ABOUT_RETURN_TYPE = YES_ERROR;
				GCC_WARN_UNDECLARED_SELECTOR = YES;
				GCC_WARN_UNINITIALIZED_AUTOS = YES_AGGRESSIVE;
				GCC_WARN_UNUSED_FUNCTION = YES;
				GCC_WARN_UNUSED_VARIABLE = YES;
				IPHONEOS_DEPLOYMENT_TARGET = 11.4;
				MTL_ENABLE_DEBUG_INFO = YES;
				ONLY_ACTIVE_ARCH = YES;
				SDKROOT = iphoneos;
				SWIFT_ACTIVE_COMPILATION_CONDITIONS = DEBUG;
				SWIFT_OPTIMIZATION_LEVEL = "-Onone";
			};
			name = Debug;
		};
		A83A8683217F0D4A003544F4 /* Release */ = {
			isa = XCBuildConfiguration;
			buildSettings = {
				ALWAYS_SEARCH_USER_PATHS = NO;
				CLANG_ANALYZER_NONNULL = YES;
				CLANG_ANALYZER_NUMBER_OBJECT_CONVERSION = YES_AGGRESSIVE;
				CLANG_CXX_LANGUAGE_STANDARD = "gnu++14";
				CLANG_CXX_LIBRARY = "libc++";
				CLANG_ENABLE_MODULES = YES;
				CLANG_ENABLE_OBJC_ARC = YES;
				CLANG_ENABLE_OBJC_WEAK = YES;
				CLANG_WARN_BLOCK_CAPTURE_AUTORELEASING = YES;
				CLANG_WARN_BOOL_CONVERSION = YES;
				CLANG_WARN_COMMA = YES;
				CLANG_WARN_CONSTANT_CONVERSION = YES;
				CLANG_WARN_DEPRECATED_OBJC_IMPLEMENTATIONS = YES;
				CLANG_WARN_DIRECT_OBJC_ISA_USAGE = YES_ERROR;
				CLANG_WARN_DOCUMENTATION_COMMENTS = YES;
				CLANG_WARN_EMPTY_BODY = YES;
				CLANG_WARN_ENUM_CONVERSION = YES;
				CLANG_WARN_INFINITE_RECURSION = YES;
				CLANG_WARN_INT_CONVERSION = YES;
				CLANG_WARN_NON_LITERAL_NULL_CONVERSION = YES;
				CLANG_WARN_OBJC_IMPLICIT_RETAIN_SELF = YES;
				CLANG_WARN_OBJC_LITERAL_CONVERSION = YES;
				CLANG_WARN_OBJC_ROOT_CLASS = YES_ERROR;
				CLANG_WARN_RANGE_LOOP_ANALYSIS = YES;
				CLANG_WARN_STRICT_PROTOTYPES = YES;
				CLANG_WARN_SUSPICIOUS_MOVE = YES;
				CLANG_WARN_UNGUARDED_AVAILABILITY = YES_AGGRESSIVE;
				CLANG_WARN_UNREACHABLE_CODE = YES;
				CLANG_WARN__DUPLICATE_METHOD_MATCH = YES;
				CODE_SIGN_IDENTITY = "iPhone Developer";
				COPY_PHASE_STRIP = NO;
				DEBUG_INFORMATION_FORMAT = "dwarf-with-dsym";
				ENABLE_NS_ASSERTIONS = NO;
				ENABLE_STRICT_OBJC_MSGSEND = YES;
				GCC_C_LANGUAGE_STANDARD = gnu11;
				GCC_NO_COMMON_BLOCKS = YES;
				GCC_WARN_64_TO_32_BIT_CONVERSION = YES;
				GCC_WARN_ABOUT_RETURN_TYPE = YES_ERROR;
				GCC_WARN_UNDECLARED_SELECTOR = YES;
				GCC_WARN_UNINITIALIZED_AUTOS = YES_AGGRESSIVE;
				GCC_WARN_UNUSED_FUNCTION = YES;
				GCC_WARN_UNUSED_VARIABLE = YES;
				IPHONEOS_DEPLOYMENT_TARGET = 11.4;
				MTL_ENABLE_DEBUG_INFO = NO;
				SDKROOT = iphoneos;
				SWIFT_COMPILATION_MODE = wholemodule;
				SWIFT_OPTIMIZATION_LEVEL = "-O";
				VALIDATE_PRODUCT = YES;
			};
			name = Release;
		};
		A83A8685217F0D4A003544F4 /* Debug */ = {
			isa = XCBuildConfiguration;
			buildSettings = {
				ASSETCATALOG_COMPILER_APPICON_NAME = AppIcon;
				CODE_SIGN_STYLE = Automatic;
				INFOPLIST_FILE = "Swifty Proteins/Info.plist";
				LD_RUNPATH_SEARCH_PATHS = (
					"$(inherited)",
					"@executable_path/Frameworks",
				);
				PRODUCT_BUNDLE_IDENTIFIER = "wethinkcode.co.za.Swifty-Proteins";
				PRODUCT_NAME = "$(TARGET_NAME)";
				SWIFT_VERSION = 4.0;
				TARGETED_DEVICE_FAMILY = "1,2";
			};
			name = Debug;
		};
		A83A8686217F0D4A003544F4 /* Release */ = {
			isa = XCBuildConfiguration;
			buildSettings = {
				ASSETCATALOG_COMPILER_APPICON_NAME = AppIcon;
				CODE_SIGN_STYLE = Automatic;
				INFOPLIST_FILE = "Swifty Proteins/Info.plist";
				LD_RUNPATH_SEARCH_PATHS = (
					"$(inherited)",
					"@executable_path/Frameworks",
				);
				PRODUCT_BUNDLE_IDENTIFIER = "wethinkcode.co.za.Swifty-Proteins";
				PRODUCT_NAME = "$(TARGET_NAME)";
				SWIFT_VERSION = 4.0;
				TARGETED_DEVICE_FAMILY = "1,2";
			};
			name = Release;
		};
		A83A8688217F0D4A003544F4 /* Debug */ = {
			isa = XCBuildConfiguration;
			buildSettings = {
				ALWAYS_EMBED_SWIFT_STANDARD_LIBRARIES = YES;
				BUNDLE_LOADER = "$(TEST_HOST)";
				CODE_SIGN_STYLE = Automatic;
				INFOPLIST_FILE = "Swifty ProteinsTests/Info.plist";
				LD_RUNPATH_SEARCH_PATHS = (
					"$(inherited)",
					"@executable_path/Frameworks",
					"@loader_path/Frameworks",
				);
				PRODUCT_BUNDLE_IDENTIFIER = "wethinkcode.co.za.Swifty-ProteinsTests";
				PRODUCT_NAME = "$(TARGET_NAME)";
				SWIFT_VERSION = 4.0;
				TARGETED_DEVICE_FAMILY = "1,2";
				TEST_HOST = "$(BUILT_PRODUCTS_DIR)/Swifty Proteins.app/Swifty Proteins";
			};
			name = Debug;
		};
		A83A8689217F0D4A003544F4 /* Release */ = {
			isa = XCBuildConfiguration;
			buildSettings = {
				ALWAYS_EMBED_SWIFT_STANDARD_LIBRARIES = YES;
				BUNDLE_LOADER = "$(TEST_HOST)";
				CODE_SIGN_STYLE = Automatic;
				INFOPLIST_FILE = "Swifty ProteinsTests/Info.plist";
				LD_RUNPATH_SEARCH_PATHS = (
					"$(inherited)",
					"@executable_path/Frameworks",
					"@loader_path/Frameworks",
				);
				PRODUCT_BUNDLE_IDENTIFIER = "wethinkcode.co.za.Swifty-ProteinsTests";
				PRODUCT_NAME = "$(TARGET_NAME)";
				SWIFT_VERSION = 4.0;
				TARGETED_DEVICE_FAMILY = "1,2";
				TEST_HOST = "$(BUILT_PRODUCTS_DIR)/Swifty Proteins.app/Swifty Proteins";
			};
			name = Release;
		};
		A83A868B217F0D4A003544F4 /* Debug */ = {
			isa = XCBuildConfiguration;
			buildSettings = {
				ALWAYS_EMBED_SWIFT_STANDARD_LIBRARIES = YES;
				CODE_SIGN_STYLE = Automatic;
				INFOPLIST_FILE = "Swifty ProteinsUITests/Info.plist";
				LD_RUNPATH_SEARCH_PATHS = (
					"$(inherited)",
					"@executable_path/Frameworks",
					"@loader_path/Frameworks",
				);
				PRODUCT_BUNDLE_IDENTIFIER = "wethinkcode.co.za.Swifty-ProteinsUITests";
				PRODUCT_NAME = "$(TARGET_NAME)";
				SWIFT_VERSION = 4.0;
				TARGETED_DEVICE_FAMILY = "1,2";
				TEST_TARGET_NAME = "Swifty Proteins";
			};
			name = Debug;
		};
		A83A868C217F0D4A003544F4 /* Release */ = {
			isa = XCBuildConfiguration;
			buildSettings = {
				ALWAYS_EMBED_SWIFT_STANDARD_LIBRARIES = YES;
				CODE_SIGN_STYLE = Automatic;
				INFOPLIST_FILE = "Swifty ProteinsUITests/Info.plist";
				LD_RUNPATH_SEARCH_PATHS = (
					"$(inherited)",
					"@executable_path/Frameworks",
					"@loader_path/Frameworks",
				);
				PRODUCT_BUNDLE_IDENTIFIER = "wethinkcode.co.za.Swifty-ProteinsUITests";
				PRODUCT_NAME = "$(TARGET_NAME)";
				SWIFT_VERSION = 4.0;
				TARGETED_DEVICE_FAMILY = "1,2";
				TEST_TARGET_NAME = "Swifty Proteins";
			};
			name = Release;
		};
/* End XCBuildConfiguration section */

/* Begin XCConfigurationList section */
		A83A8657217F0D48003544F4 /* Build configuration list for PBXProject "Swifty Proteins" */ = {
			isa = XCConfigurationList;
			buildConfigurations = (
				A83A8682217F0D4A003544F4 /* Debug */,
				A83A8683217F0D4A003544F4 /* Release */,
			);
			defaultConfigurationIsVisible = 0;
			defaultConfigurationName = Release;
		};
		A83A8684217F0D4A003544F4 /* Build configuration list for PBXNativeTarget "Swifty Proteins" */ = {
			isa = XCConfigurationList;
			buildConfigurations = (
				A83A8685217F0D4A003544F4 /* Debug */,
				A83A8686217F0D4A003544F4 /* Release */,
			);
			defaultConfigurationIsVisible = 0;
			defaultConfigurationName = Release;
		};
		A83A8687217F0D4A003544F4 /* Build configuration list for PBXNativeTarget "Swifty ProteinsTests" */ = {
			isa = XCConfigurationList;
			buildConfigurations = (
				A83A8688217F0D4A003544F4 /* Debug */,
				A83A8689217F0D4A003544F4 /* Release */,
			);
			defaultConfigurationIsVisible = 0;
			defaultConfigurationName = Release;
		};
		A83A868A217F0D4A003544F4 /* Build configuration list for PBXNativeTarget "Swifty ProteinsUITests" */ = {
			isa = XCConfigurationList;
			buildConfigurations = (
				A83A868B217F0D4A003544F4 /* Debug */,
				A83A868C217F0D4A003544F4 /* Release */,
			);
			defaultConfigurationIsVisible = 0;
			defaultConfigurationName = Release;
		};
/* End XCConfigurationList section */
	};
	rootObject = A83A8654217F0D48003544F4 /* Project object */;
}
